
Microsoft Visual Studio Solution File, Format Version 12.00
# Visual Studio Version 17
VisualStudioVersion = 17.8.34525.116
MinimumVisualStudioVersion = 10.0.40219.1
Project("{2150E333-8FDC-42A3-9474-1A3956D46DE8}") = "Solution Items", "Solution Items", "{887FC7DA-9A29-4130-92E7-66E21E76CAC4}"
	ProjectSection(SolutionItems) = preProject
		.editorconfig = .editorconfig
		.gitattributes = .gitattributes
		.gitignore = .gitignore
		AGENTS.md = AGENTS.md
		CNAME = CNAME
		CODE_OF_CONDUCT.md = CODE_OF_CONDUCT.md
		.github\copilot-instructions.md = .github\copilot-instructions.md
		Directory.Build.props = Directory.Build.props
		Directory.Build.targets = Directory.Build.targets
		global.json = global.json
		LICENSE = LICENSE
		README.md = README.md
		_config.yml = _config.yml
	EndProjectSection
EndProject
Project("{9A19103F-16F7-4668-BE54-9A1E7A4F7556}") = "HarmonyTests", "HarmonyTests\HarmonyTests.csproj", "{DEE74EFC-29A8-4704-8536-7DA38D3999F7}"
EndProject
Project("{9A19103F-16F7-4668-BE54-9A1E7A4F7556}") = "Documentation", "Documentation\Documentation.csproj", "{9B9DD18C-6EB7-497F-8ED5-699515A840C5}"
EndProject
Project("{9A19103F-16F7-4668-BE54-9A1E7A4F7556}") = "TestLibrary", "TestLibrary\TestLibrary.csproj", "{11F828EC-7C50-48F4-A30D-9BED06837F3A}"
EndProject
Project("{2150E333-8FDC-42A3-9474-1A3956D46DE8}") = "actions", "actions", "{9A886F28-B059-46CC-BE43-EA234CE1DD78}"
EndProject
Project("{2150E333-8FDC-42A3-9474-1A3956D46DE8}") = "scripts", "scripts", "{02EA681E-C7D8-13C7-8484-4AC65E1B71E8}"
	ProjectSection(SolutionItems) = preProject
		scripts\generate_llm_pack.py = scripts\generate_llm_pack.py
	EndProjectSection
EndProject
Project("{2150E333-8FDC-42A3-9474-1A3956D46DE8}") = "get-dotnet-channel", "get-dotnet-channel", "{B0927B75-AE86-460B-9C42-6DED427304C6}"
	ProjectSection(SolutionItems) = preProject
		.github\actions\get-dotnet-channel\action.yml = .github\actions\get-dotnet-channel\action.yml
	EndProjectSection
EndProject
Project("{2150E333-8FDC-42A3-9474-1A3956D46DE8}") = "get-program-files", "get-program-files", "{685B28DF-D62E-4A68-842D-C3E6D4CFB24B}"
	ProjectSection(SolutionItems) = preProject
		.github\actions\get-program-files\action.yml = .github\actions\get-program-files\action.yml
	EndProjectSection
EndProject
Project("{2150E333-8FDC-42A3-9474-1A3956D46DE8}") = "test-build-cache", "test-build-cache", "{BBEC08CE-1F26-46B3-9EC2-F1BC7B692A56}"
	ProjectSection(SolutionItems) = preProject
		.github\actions\test-build-cache\action.yml = .github\actions\test-build-cache\action.yml
	EndProjectSection
EndProject
Project("{2150E333-8FDC-42A3-9474-1A3956D46DE8}") = "test-execute-test", "test-execute-test", "{E625C76C-C4AA-43A9-AFB5-BD1D605A4F48}"
	ProjectSection(SolutionItems) = preProject
		.github\actions\test-execute-test\action.yml = .github\actions\test-execute-test\action.yml
	EndProjectSection
EndProject
Project("{2150E333-8FDC-42A3-9474-1A3956D46DE8}") = "test-setup-dotnet", "test-setup-dotnet", "{15C84537-CCEF-43F5-B556-34369D7B320D}"
	ProjectSection(SolutionItems) = preProject
		.github\actions\test-setup-dotnet\action.yml = .github\actions\test-setup-dotnet\action.yml
	EndProjectSection
EndProject
Project("{2150E333-8FDC-42A3-9474-1A3956D46DE8}") = "test-setup-dotnet-windows", "test-setup-dotnet-windows", "{AE672D7F-D913-4CED-A6B3-A21001E5C8DF}"
	ProjectSection(SolutionItems) = preProject
		.github\actions\test-setup-dotnet-windows\action.yml = .github\actions\test-setup-dotnet-windows\action.yml
	EndProjectSection
EndProject
Project("{2150E333-8FDC-42A3-9474-1A3956D46DE8}") = "test-setup-mono-windows", "test-setup-mono-windows", "{FF253D20-5CFB-42A6-BC33-A0E213C3CF7E}"
	ProjectSection(SolutionItems) = preProject
		.github\actions\test-setup-mono-windows\action.yml = .github\actions\test-setup-mono-windows\action.yml
	EndProjectSection
EndProject
Project("{2150E333-8FDC-42A3-9474-1A3956D46DE8}") = "test-upload-result", "test-upload-result", "{145A597F-00D3-42D0-930D-85EF1257FA6D}"
	ProjectSection(SolutionItems) = preProject
		.github\actions\test-upload-result\action.yml = .github\actions\test-upload-result\action.yml
	EndProjectSection
EndProject
Project("{2150E333-8FDC-42A3-9474-1A3956D46DE8}") = "workflows", "workflows", "{597B1581-64EA-4F8F-A703-17B642B05C94}"
	ProjectSection(SolutionItems) = preProject
		.github\workflows\docs.yml = .github\workflows\docs.yml
		.github\workflows\test.yml = .github\workflows\test.yml
	EndProjectSection
EndProject
Project("{2150E333-8FDC-42A3-9474-1A3956D46DE8}") = "test", "test", "{71B8832A-3E69-4908-98FE-EE9680F5EF25}"
	ProjectSection(SolutionItems) = preProject
		.github\workflows\test-build.yml = .github\workflows\test-build.yml
		.github\workflows\test-qemu-dotnet.yml = .github\workflows\test-qemu-dotnet.yml
		.github\workflows\test-qemu-mono.yml = .github\workflows\test-qemu-mono.yml
		.github\workflows\test-result-upload.yml = .github\workflows\test-result-upload.yml
		.github\workflows\test-unix-dotnet.yml = .github\workflows\test-unix-dotnet.yml
		.github\workflows\test-unix-mono.yml = .github\workflows\test-unix-mono.yml
		.github\workflows\test-windows-dotnet.yml = .github\workflows\test-windows-dotnet.yml
		.github\workflows\test-windows-framework.yml = .github\workflows\test-windows-framework.yml
		.github\workflows\test-windows-mono.yml = .github\workflows\test-windows-mono.yml
	EndProjectSection
EndProject
Project("{2150E333-8FDC-42A3-9474-1A3956D46DE8}") = "test-setup-dotnet-macos-rosetta", "test-setup-dotnet-macos-rosetta", "{821995BE-A095-4C39-95F5-8E54A5E6944D}"
	ProjectSection(SolutionItems) = preProject
		.github\actions\test-setup-dotnet-macos-rosetta\action.yml = .github\actions\test-setup-dotnet-macos-rosetta\action.yml
	EndProjectSection
EndProject
Project("{FAE04EC0-301F-11D3-BF4B-00C04F79EFBC}") = "Lib.Harmony", "Lib.Harmony\Lib.Harmony.csproj", "{DE9D3761-F5E2-46EA-8CA9-A8ECF52589C0}"
EndProject
Project("{FAE04EC0-301F-11D3-BF4B-00C04F79EFBC}") = "Lib.Harmony.Thin", "Lib.Harmony.Thin\Lib.Harmony.Thin.csproj", "{AFF09524-D41E-4655-A320-762643DC586B}"
EndProject
Project("{FAE04EC0-301F-11D3-BF4B-00C04F79EFBC}") = "Lib.Harmony.Ref", "Lib.Harmony.Ref\Lib.Harmony.Ref.csproj", "{93530C3F-39BC-4CEB-8D70-C36CE500024D}"
EndProject
Project("{D954291E-2A0B-460D-934E-DC6B0785DB48}") = "Harmony", "Harmony\Harmony.shproj", "{8ECC3919-9F65-4A39-B57E-E99A3837DCD0}"
EndProject
Global
	GlobalSection(SolutionConfigurationPlatforms) = preSolution
		Debug|Any CPU = Debug|Any CPU
		Release|Any CPU = Release|Any CPU
	EndGlobalSection
	GlobalSection(ProjectConfigurationPlatforms) = postSolution
		{DEE74EFC-29A8-4704-8536-7DA38D3999F7}.Debug|Any CPU.ActiveCfg = Debug|Any CPU
		{DEE74EFC-29A8-4704-8536-7DA38D3999F7}.Debug|Any CPU.Build.0 = Debug|Any CPU
		{DEE74EFC-29A8-4704-8536-7DA38D3999F7}.Release|Any CPU.ActiveCfg = Release|Any CPU
		{DEE74EFC-29A8-4704-8536-7DA38D3999F7}.Release|Any CPU.Build.0 = Release|Any CPU
		{9B9DD18C-6EB7-497F-8ED5-699515A840C5}.Debug|Any CPU.ActiveCfg = Debug|Any CPU
		{9B9DD18C-6EB7-497F-8ED5-699515A840C5}.Debug|Any CPU.Build.0 = Debug|Any CPU
		{9B9DD18C-6EB7-497F-8ED5-699515A840C5}.Release|Any CPU.ActiveCfg = Release|Any CPU
		{9B9DD18C-6EB7-497F-8ED5-699515A840C5}.Release|Any CPU.Build.0 = Release|Any CPU
		{11F828EC-7C50-48F4-A30D-9BED06837F3A}.Debug|Any CPU.ActiveCfg = Debug|Any CPU
		{11F828EC-7C50-48F4-A30D-9BED06837F3A}.Debug|Any CPU.Build.0 = Debug|Any CPU
		{11F828EC-7C50-48F4-A30D-9BED06837F3A}.Release|Any CPU.ActiveCfg = Release|Any CPU
		{11F828EC-7C50-48F4-A30D-9BED06837F3A}.Release|Any CPU.Build.0 = Release|Any CPU
		{DE9D3761-F5E2-46EA-8CA9-A8ECF52589C0}.Debug|Any CPU.ActiveCfg = Debug|Any CPU
		{DE9D3761-F5E2-46EA-8CA9-A8ECF52589C0}.Debug|Any CPU.Build.0 = Debug|Any CPU
		{DE9D3761-F5E2-46EA-8CA9-A8ECF52589C0}.Release|Any CPU.ActiveCfg = Release|Any CPU
		{DE9D3761-F5E2-46EA-8CA9-A8ECF52589C0}.Release|Any CPU.Build.0 = Release|Any CPU
		{AFF09524-D41E-4655-A320-762643DC586B}.Debug|Any CPU.ActiveCfg = Debug|Any CPU
		{AFF09524-D41E-4655-A320-762643DC586B}.Debug|Any CPU.Build.0 = Debug|Any CPU
		{AFF09524-D41E-4655-A320-762643DC586B}.Release|Any CPU.ActiveCfg = Release|Any CPU
		{AFF09524-D41E-4655-A320-762643DC586B}.Release|Any CPU.Build.0 = Release|Any CPU
		{93530C3F-39BC-4CEB-8D70-C36CE500024D}.Debug|Any CPU.ActiveCfg = Debug|Any CPU
		{93530C3F-39BC-4CEB-8D70-C36CE500024D}.Debug|Any CPU.Build.0 = Debug|Any CPU
		{93530C3F-39BC-4CEB-8D70-C36CE500024D}.Release|Any CPU.ActiveCfg = Release|Any CPU
		{93530C3F-39BC-4CEB-8D70-C36CE500024D}.Release|Any CPU.Build.0 = Release|Any CPU
	EndGlobalSection
	GlobalSection(SolutionProperties) = preSolution
		HideSolutionNode = FALSE
	EndGlobalSection
	GlobalSection(NestedProjects) = preSolution
		{9A886F28-B059-46CC-BE43-EA234CE1DD78} = {887FC7DA-9A29-4130-92E7-66E21E76CAC4}
		{02EA681E-C7D8-13C7-8484-4AC65E1B71E8} = {887FC7DA-9A29-4130-92E7-66E21E76CAC4}
		{B0927B75-AE86-460B-9C42-6DED427304C6} = {9A886F28-B059-46CC-BE43-EA234CE1DD78}
		{685B28DF-D62E-4A68-842D-C3E6D4CFB24B} = {9A886F28-B059-46CC-BE43-EA234CE1DD78}
		{BBEC08CE-1F26-46B3-9EC2-F1BC7B692A56} = {9A886F28-B059-46CC-BE43-EA234CE1DD78}
		{E625C76C-C4AA-43A9-AFB5-BD1D605A4F48} = {9A886F28-B059-46CC-BE43-EA234CE1DD78}
		{15C84537-CCEF-43F5-B556-34369D7B320D} = {9A886F28-B059-46CC-BE43-EA234CE1DD78}
		{AE672D7F-D913-4CED-A6B3-A21001E5C8DF} = {9A886F28-B059-46CC-BE43-EA234CE1DD78}
		{FF253D20-5CFB-42A6-BC33-A0E213C3CF7E} = {9A886F28-B059-46CC-BE43-EA234CE1DD78}
		{145A597F-00D3-42D0-930D-85EF1257FA6D} = {9A886F28-B059-46CC-BE43-EA234CE1DD78}
		{597B1581-64EA-4F8F-A703-17B642B05C94} = {887FC7DA-9A29-4130-92E7-66E21E76CAC4}
		{71B8832A-3E69-4908-98FE-EE9680F5EF25} = {597B1581-64EA-4F8F-A703-17B642B05C94}
		{821995BE-A095-4C39-95F5-8E54A5E6944D} = {9A886F28-B059-46CC-BE43-EA234CE1DD78}
	EndGlobalSection
	GlobalSection(ExtensibilityGlobals) = postSolution
		SolutionGuid = {61622750-C658-496F-B2E2-75D94AF6CF8B}
	EndGlobalSection
	GlobalSection(SharedMSBuildProjectFiles) = preSolution
		Harmony\Harmony.projitems*{8ecc3919-9f65-4a39-b57e-e99a3837dcd0}*SharedItemsImports = 13
		Harmony\Harmony.projitems*{93530c3f-39bc-4ceb-8d70-c36ce500024d}*SharedItemsImports = 5
		Harmony\Harmony.projitems*{aff09524-d41e-4655-a320-762643dc586b}*SharedItemsImports = 5
		Harmony\Harmony.projitems*{de9d3761-f5e2-46ea-8ca9-a8ecf52589c0}*SharedItemsImports = 5
	EndGlobalSection
EndGlobal
