
Microsoft Visual Studio Solution File, Format Version 12.00
# Visual Studio Version 17
VisualStudioVersion = 17.8.34525.116
MinimumVisualStudioVersion = 10.0.40219.1
Project("{2150E333-8FDC-42A3-9474-1A3956D46DE8}") = "Solution Items", "Solution Items", "{887FC7DA-9A29-4130-92E7-66E21E76CAC4}"
	ProjectSection(SolutionItems) = preProject
		.editorconfig = .editorconfig
		.gitattributes = .gitattributes
		.gitignore = .gitignore
		azure-pipelines-job-template.yml = azure-pipelines-job-template.yml
		azure-pipelines.yml = azure-pipelines.yml
		CNAME = CNAME
		CODE_OF_CONDUCT.md = CODE_OF_CONDUCT.md
		Directory.Build.props = Directory.Build.props
		global.json = global.json
		ILRepack.targets = ILRepack.targets
		LICENSE = LICENSE
		README.md = README.md
		_config.yml = _config.yml
	EndProjectSection
EndProject
Project("{9A19103F-16F7-4668-BE54-9A1E7A4F7556}") = "Harmony", "Harmony\Harmony.csproj", "{69AEE16A-B6E7-4642-8081-3928B32455DF}"
EndProject
Project("{9A19103F-16F7-4668-BE54-9A1E7A4F7556}") = "HarmonyTests", "HarmonyTests\HarmonyTests.csproj", "{DEE74EFC-29A8-4704-8536-7DA38D3999F7}"
EndProject
Project("{9A19103F-16F7-4668-BE54-9A1E7A4F7556}") = "Documentation", "Harmony\Documentation\Documentation.csproj", "{9B9DD18C-6EB7-497F-8ED5-699515A840C5}"
	ProjectSection(ProjectDependencies) = postProject
		{69AEE16A-B6E7-4642-8081-3928B32455DF} = {69AEE16A-B6E7-4642-8081-3928B32455DF}
	EndProjectSection
EndProject
Project("{9A19103F-16F7-4668-BE54-9A1E7A4F7556}") = "TestLibrary", "TestLibrary\TestLibrary.csproj", "{11F828EC-7C50-48F4-A30D-9BED06837F3A}"
EndProject
Project("{2150E333-8FDC-42A3-9474-1A3956D46DE8}") = "actions", "actions", "{9A886F28-B059-46CC-BE43-EA234CE1DD78}"
EndProject
Project("{2150E333-8FDC-42A3-9474-1A3956D46DE8}") = "get-dotnet-channel", "get-dotnet-channel", "{B0927B75-AE86-460B-9C42-6DED427304C6}"
	ProjectSection(SolutionItems) = preProject
		.github\actions\get-dotnet-channel\action.yml = .github\actions\get-dotnet-channel\action.yml
	EndProjectSection
EndProject
Project("{2150E333-8FDC-42A3-9474-1A3956D46DE8}") = "get-program-files", "get-program-files", "{685B28DF-D62E-4A68-842D-C3E6D4CFB24B}"
	ProjectSection(SolutionItems) = preProject
		.github\actions\get-program-files\action.yml = .github\actions\get-program-files\action.yml
	EndProjectSection
EndProject
Project("{2150E333-8FDC-42A3-9474-1A3956D46DE8}") = "test-build-cache", "test-build-cache", "{BBEC08CE-1F26-46B3-9EC2-F1BC7B692A56}"
	ProjectSection(SolutionItems) = preProject
		.github\actions\test-build-cache\action.yml = .github\actions\test-build-cache\action.yml
	EndProjectSection
EndProject
Project("{2150E333-8FDC-42A3-9474-1A3956D46DE8}") = "test-execute-test", "test-execute-test", "{E625C76C-C4AA-43A9-AFB5-BD1D605A4F48}"
	ProjectSection(SolutionItems) = preProject
		.github\actions\test-execute-test\action.yml = .github\actions\test-execute-test\action.yml
	EndProjectSection
EndProject
Project("{2150E333-8FDC-42A3-9474-1A3956D46DE8}") = "test-setup-dotnet", "test-setup-dotnet", "{15C84537-CCEF-43F5-B556-34369D7B320D}"
	ProjectSection(SolutionItems) = preProject
		.github\actions\test-setup-dotnet\action.yml = .github\actions\test-setup-dotnet\action.yml
	EndProjectSection
EndProject
Project("{2150E333-8FDC-42A3-9474-1A3956D46DE8}") = "test-setup-dotnet-windows", "test-setup-dotnet-windows", "{AE672D7F-D913-4CED-A6B3-A21001E5C8DF}"
	ProjectSection(SolutionItems) = preProject
		.github\actions\test-setup-dotnet-windows\action.yml = .github\actions\test-setup-dotnet-windows\action.yml
	EndProjectSection
EndProject
Project("{2150E333-8FDC-42A3-9474-1A3956D46DE8}") = "test-setup-mono-windows", "test-setup-mono-windows", "{FF253D20-5CFB-42A6-BC33-A0E213C3CF7E}"
	ProjectSection(SolutionItems) = preProject
		.github\actions\test-setup-mono-windows\action.yml = .github\actions\test-setup-mono-windows\action.yml
	EndProjectSection
EndProject
Project("{2150E333-8FDC-42A3-9474-1A3956D46DE8}") = "test-upload-result", "test-upload-result", "{145A597F-00D3-42D0-930D-85EF1257FA6D}"
	ProjectSection(SolutionItems) = preProject
		.github\actions\test-upload-result\action.yml = .github\actions\test-upload-result\action.yml
	EndProjectSection
EndProject
Project("{2150E333-8FDC-42A3-9474-1A3956D46DE8}") = "workflows", "workflows", "{597B1581-64EA-4F8F-A703-17B642B05C94}"
	ProjectSection(SolutionItems) = preProject
		.github\workflows\test.yml = .github\workflows\test.yml
	EndProjectSection
EndProject
Project("{2150E333-8FDC-42A3-9474-1A3956D46DE8}") = "test", "test", "{71B8832A-3E69-4908-98FE-EE9680F5EF25}"
	ProjectSection(SolutionItems) = preProject
		.github\workflows\test-build.yml = .github\workflows\test-build.yml
		.github\workflows\test-qemu-dotnet.yml = .github\workflows\test-qemu-dotnet.yml
		.github\workflows\test-qemu-mono.yml = .github\workflows\test-qemu-mono.yml
		.github\workflows\test-result-upload.yml = .github\workflows\test-result-upload.yml
		.github\workflows\test-unix-dotnet.yml = .github\workflows\test-unix-dotnet.yml
		.github\workflows\test-unix-mono.yml = .github\workflows\test-unix-mono.yml
		.github\workflows\test-windows-dotnet.yml = .github\workflows\test-windows-dotnet.yml
		.github\workflows\test-windows-framework.yml = .github\workflows\test-windows-framework.yml
		.github\workflows\test-windows-mono.yml = .github\workflows\test-windows-mono.yml
	EndProjectSection
EndProject
Project("{2150E333-8FDC-42A3-9474-1A3956D46DE8}") = "test-setup-dotnet-macos-rosetta", "test-setup-dotnet-macos-rosetta", "{821995BE-A095-4C39-95F5-8E54A5E6944D}"
	ProjectSection(SolutionItems) = preProject
		.github\actions\test-setup-dotnet-macos-rosetta\action.yml = .github\actions\test-setup-dotnet-macos-rosetta\action.yml
	EndProjectSection
EndProject
Global
	GlobalSection(SolutionConfigurationPlatforms) = preSolution
		DebugFat|Any CPU = DebugFat|Any CPU
		DebugThin|Any CPU = DebugThin|Any CPU
		ReleaseFat|Any CPU = ReleaseFat|Any CPU
		ReleaseRef|Any CPU = ReleaseRef|Any CPU
		ReleaseThin|Any CPU = ReleaseThin|Any CPU
	EndGlobalSection
	GlobalSection(ProjectConfigurationPlatforms) = postSolution
		{69AEE16A-B6E7-4642-8081-3928B32455DF}.DebugFat|Any CPU.ActiveCfg = DebugFat|Any CPU
		{69AEE16A-B6E7-4642-8081-3928B32455DF}.DebugFat|Any CPU.Build.0 = DebugFat|Any CPU
		{69AEE16A-B6E7-4642-8081-3928B32455DF}.DebugThin|Any CPU.ActiveCfg = DebugThin|Any CPU
		{69AEE16A-B6E7-4642-8081-3928B32455DF}.DebugThin|Any CPU.Build.0 = DebugThin|Any CPU
		{69AEE16A-B6E7-4642-8081-3928B32455DF}.ReleaseFat|Any CPU.ActiveCfg = ReleaseFat|Any CPU
		{69AEE16A-B6E7-4642-8081-3928B32455DF}.ReleaseFat|Any CPU.Build.0 = ReleaseFat|Any CPU
		{69AEE16A-B6E7-4642-8081-3928B32455DF}.ReleaseRef|Any CPU.ActiveCfg = ReleaseRef|Any CPU
		{69AEE16A-B6E7-4642-8081-3928B32455DF}.ReleaseRef|Any CPU.Build.0 = ReleaseRef|Any CPU
		{69AEE16A-B6E7-4642-8081-3928B32455DF}.ReleaseThin|Any CPU.ActiveCfg = ReleaseThin|Any CPU
		{69AEE16A-B6E7-4642-8081-3928B32455DF}.ReleaseThin|Any CPU.Build.0 = ReleaseThin|Any CPU
		{DEE74EFC-29A8-4704-8536-7DA38D3999F7}.DebugFat|Any CPU.ActiveCfg = Debug|Any CPU
		{DEE74EFC-29A8-4704-8536-7DA38D3999F7}.DebugFat|Any CPU.Build.0 = Debug|Any CPU
		{DEE74EFC-29A8-4704-8536-7DA38D3999F7}.DebugThin|Any CPU.ActiveCfg = Debug|Any CPU
		{DEE74EFC-29A8-4704-8536-7DA38D3999F7}.DebugThin|Any CPU.Build.0 = Debug|Any CPU
		{DEE74EFC-29A8-4704-8536-7DA38D3999F7}.ReleaseFat|Any CPU.ActiveCfg = Release|Any CPU
		{DEE74EFC-29A8-4704-8536-7DA38D3999F7}.ReleaseFat|Any CPU.Build.0 = Release|Any CPU
		{DEE74EFC-29A8-4704-8536-7DA38D3999F7}.ReleaseRef|Any CPU.ActiveCfg = Release|Any CPU
		{DEE74EFC-29A8-4704-8536-7DA38D3999F7}.ReleaseRef|Any CPU.Build.0 = Release|Any CPU
		{DEE74EFC-29A8-4704-8536-7DA38D3999F7}.ReleaseThin|Any CPU.ActiveCfg = Release|Any CPU
		{9B9DD18C-6EB7-497F-8ED5-699515A840C5}.DebugFat|Any CPU.ActiveCfg = Default|Any CPU
		{9B9DD18C-6EB7-497F-8ED5-699515A840C5}.DebugFat|Any CPU.Build.0 = Default|Any CPU
		{9B9DD18C-6EB7-497F-8ED5-699515A840C5}.DebugThin|Any CPU.ActiveCfg = Default|Any CPU
		{9B9DD18C-6EB7-497F-8ED5-699515A840C5}.DebugThin|Any CPU.Build.0 = Default|Any CPU
		{9B9DD18C-6EB7-497F-8ED5-699515A840C5}.ReleaseFat|Any CPU.ActiveCfg = Default|Any CPU
		{9B9DD18C-6EB7-497F-8ED5-699515A840C5}.ReleaseFat|Any CPU.Build.0 = Default|Any CPU
		{9B9DD18C-6EB7-497F-8ED5-699515A840C5}.ReleaseRef|Any CPU.ActiveCfg = Default|Any CPU
		{9B9DD18C-6EB7-497F-8ED5-699515A840C5}.ReleaseRef|Any CPU.Build.0 = Default|Any CPU
		{9B9DD18C-6EB7-497F-8ED5-699515A840C5}.ReleaseThin|Any CPU.ActiveCfg = Default|Any CPU
		{11F828EC-7C50-48F4-A30D-9BED06837F3A}.DebugFat|Any CPU.ActiveCfg = Debug|Any CPU
		{11F828EC-7C50-48F4-A30D-9BED06837F3A}.DebugFat|Any CPU.Build.0 = Debug|Any CPU
		{11F828EC-7C50-48F4-A30D-9BED06837F3A}.DebugThin|Any CPU.ActiveCfg = Debug|Any CPU
		{11F828EC-7C50-48F4-A30D-9BED06837F3A}.DebugThin|Any CPU.Build.0 = Debug|Any CPU
		{11F828EC-7C50-48F4-A30D-9BED06837F3A}.ReleaseFat|Any CPU.ActiveCfg = Release|Any CPU
		{11F828EC-7C50-48F4-A30D-9BED06837F3A}.ReleaseFat|Any CPU.Build.0 = Release|Any CPU
		{11F828EC-7C50-48F4-A30D-9BED06837F3A}.ReleaseRef|Any CPU.ActiveCfg = Release|Any CPU
		{11F828EC-7C50-48F4-A30D-9BED06837F3A}.ReleaseRef|Any CPU.Build.0 = Release|Any CPU
		{11F828EC-7C50-48F4-A30D-9BED06837F3A}.ReleaseThin|Any CPU.ActiveCfg = Release|Any CPU
	EndGlobalSection
	GlobalSection(SolutionProperties) = preSolution
		HideSolutionNode = FALSE
	EndGlobalSection
	GlobalSection(NestedProjects) = preSolution
		{9A886F28-B059-46CC-BE43-EA234CE1DD78} = {887FC7DA-9A29-4130-92E7-66E21E76CAC4}
		{B0927B75-AE86-460B-9C42-6DED427304C6} = {9A886F28-B059-46CC-BE43-EA234CE1DD78}
		{685B28DF-D62E-4A68-842D-C3E6D4CFB24B} = {9A886F28-B059-46CC-BE43-EA234CE1DD78}
		{BBEC08CE-1F26-46B3-9EC2-F1BC7B692A56} = {9A886F28-B059-46CC-BE43-EA234CE1DD78}
		{E625C76C-C4AA-43A9-AFB5-BD1D605A4F48} = {9A886F28-B059-46CC-BE43-EA234CE1DD78}
		{15C84537-CCEF-43F5-B556-34369D7B320D} = {9A886F28-B059-46CC-BE43-EA234CE1DD78}
		{AE672D7F-D913-4CED-A6B3-A21001E5C8DF} = {9A886F28-B059-46CC-BE43-EA234CE1DD78}
		{FF253D20-5CFB-42A6-BC33-A0E213C3CF7E} = {9A886F28-B059-46CC-BE43-EA234CE1DD78}
		{145A597F-00D3-42D0-930D-85EF1257FA6D} = {9A886F28-B059-46CC-BE43-EA234CE1DD78}
		{597B1581-64EA-4F8F-A703-17B642B05C94} = {887FC7DA-9A29-4130-92E7-66E21E76CAC4}
		{71B8832A-3E69-4908-98FE-EE9680F5EF25} = {597B1581-64EA-4F8F-A703-17B642B05C94}
		{821995BE-A095-4C39-95F5-8E54A5E6944D} = {9A886F28-B059-46CC-BE43-EA234CE1DD78}
	EndGlobalSection
	GlobalSection(ExtensibilityGlobals) = postSolution
		SolutionGuid = {61622750-C658-496F-B2E2-75D94AF6CF8B}
	EndGlobalSection
EndGlobal
